
Microsoft Visual Studio Solution File, Format Version 12.00
# Visual Studio Version 17
VisualStudioVersion = 17.2.32630.192
MinimumVisualStudioVersion = 10.0.40219.1
Project("{9A19103F-16F7-4668-BE54-9A1E7A4F7556}") = "Stereux", "Stereux\Stereux.csproj", "{DB4203D1-D225-4AF2-BCE9-795618555F1B}"
EndProject
Project("{FAE04EC0-301F-11D3-BF4B-00C04F79EFBC}") = "Connections", "Connections\Connections.csproj", "{4728B723-95CA-48F7-8A6B-F423E1BAF371}"
EndProject
Global
	GlobalSection(SolutionConfigurationPlatforms) = preSolution
		Debug|Any CPU = Debug|Any CPU
		Release|Any CPU = Release|Any CPU
	EndGlobalSection
	GlobalSection(ProjectConfigurationPlatforms) = postSolution
		{DB4203D1-D225-4AF2-BCE9-795618555F1B}.Debug|Any CPU.ActiveCfg = Debug|Any CPU
		{DB4203D1-D225-4AF2-BCE9-795618555F1B}.Debug|Any CPU.Build.0 = Debug|Any CPU
		{DB4203D1-D225-4AF2-BCE9-795618555F1B}.Release|Any CPU.ActiveCfg = Release|Any CPU
		{DB4203D1-D225-4AF2-BCE9-795618555F1B}.Release|Any CPU.Build.0 = Release|Any CPU
		{4728B723-95CA-48F7-8A6B-F423E1BAF371}.Debug|Any CPU.ActiveCfg = Debug|Any CPU
		{4728B723-95CA-48F7-8A6B-F423E1BAF371}.Debug|Any CPU.Build.0 = Debug|Any CPU
		{4728B723-95CA-48F7-8A6B-F423E1BAF371}.Release|Any CPU.ActiveCfg = Release|Any CPU
		{4728B723-95CA-48F7-8A6B-F423E1BAF371}.Release|Any CPU.Build.0 = Release|Any CPU
	EndGlobalSection
	GlobalSection(SolutionProperties) = preSolution
		HideSolutionNode = FALSE
	EndGlobalSection
	GlobalSection(ExtensibilityGlobals) = postSolution
		SolutionGuid = {BF13536D-9B8A-4083-93FA-FE408AA3F310}
	EndGlobalSection
EndGlobal
